// !$*UTF8*$!
{
	archiveVersion = 1;
	classes = {
	};
	objectVersion = 56;
	objects = {

/* Begin PBXBuildFile section */
		B34A55222A57755F0081E2CC /* LoginView.swift in Sources */ = {isa = PBXBuildFile; fileRef = B34A55212A57755F0081E2CC /* LoginView.swift */; };
		B34A55242A5775A30081E2CC /* MainPageView.swift in Sources */ = {isa = PBXBuildFile; fileRef = B34A55232A5775A30081E2CC /* MainPageView.swift */; };
		B3FCDFF32A4FD5C800716A3B /* TicketApp.swift in Sources */ = {isa = PBXBuildFile; fileRef = B3FCDFF22A4FD5C800716A3B /* TicketApp.swift */; };
		B3FCDFF72A4FD5CA00716A3B /* Assets.xcassets in Resources */ = {isa = PBXBuildFile; fileRef = B3FCDFF62A4FD5CA00716A3B /* Assets.xcassets */; };
		B3FCDFFA2A4FD5CA00716A3B /* Preview Assets.xcassets in Resources */ = {isa = PBXBuildFile; fileRef = B3FCDFF92A4FD5CA00716A3B /* Preview Assets.xcassets */; };
		B3FCDFFC2A4FD5CA00716A3B /* Persistence.swift in Sources */ = {isa = PBXBuildFile; fileRef = B3FCDFFB2A4FD5CA00716A3B /* Persistence.swift */; };
		B3FCDFFF2A4FD5CA00716A3B /* Ticket.xcdatamodeld in Sources */ = {isa = PBXBuildFile; fileRef = B3FCDFFD2A4FD5CA00716A3B /* Ticket.xcdatamodeld */; };
		B3FCE0082A4FD6B000716A3B /* PostView.swift in Sources */ = {isa = PBXBuildFile; fileRef = B3FCE0072A4FD6B000716A3B /* PostView.swift */; };
		B3FCE00A2A4FD6DB00716A3B /* PostListView.swift in Sources */ = {isa = PBXBuildFile; fileRef = B3FCE0092A4FD6DB00716A3B /* PostListView.swift */; };
		B3FCE00C2A4FD97000716A3B /* ContentView.swift in Sources */ = {isa = PBXBuildFile; fileRef = B3FCE00B2A4FD97000716A3B /* ContentView.swift */; };
		B3FCE0102A55234800716A3B /* SettingsView.swift in Sources */ = {isa = PBXBuildFile; fileRef = B3FCE00F2A55234800716A3B /* SettingsView.swift */; };
		B3FCE0122A5523A100716A3B /* UserView.swift in Sources */ = {isa = PBXBuildFile; fileRef = B3FCE0112A5523A100716A3B /* UserView.swift */; };
		B3FCE0142A553D6D00716A3B /* RepliesView.swift in Sources */ = {isa = PBXBuildFile; fileRef = B3FCE0132A553D6D00716A3B /* RepliesView.swift */; };
		B3FCE0182A56328100716A3B /* NewReplyView.swift in Sources */ = {isa = PBXBuildFile; fileRef = B3FCE0172A56328000716A3B /* NewReplyView.swift */; };
		B3FCE01A2A56556900716A3B /* Post.swift in Sources */ = {isa = PBXBuildFile; fileRef = B3FCE0192A56556900716A3B /* Post.swift */; };
/* End PBXBuildFile section */

/* Begin PBXFileReference section */
		B34A55212A57755F0081E2CC /* LoginView.swift */ = {isa = PBXFileReference; lastKnownFileType = sourcecode.swift; path = LoginView.swift; sourceTree = "<group>"; };
		B34A55232A5775A30081E2CC /* MainPageView.swift */ = {isa = PBXFileReference; lastKnownFileType = sourcecode.swift; path = MainPageView.swift; sourceTree = "<group>"; };
		B3FCDFEF2A4FD5C800716A3B /* Ticket.app */ = {isa = PBXFileReference; explicitFileType = wrapper.application; includeInIndex = 0; path = Ticket.app; sourceTree = BUILT_PRODUCTS_DIR; };
		B3FCDFF22A4FD5C800716A3B /* TicketApp.swift */ = {isa = PBXFileReference; lastKnownFileType = sourcecode.swift; path = TicketApp.swift; sourceTree = "<group>"; };
		B3FCDFF62A4FD5CA00716A3B /* Assets.xcassets */ = {isa = PBXFileReference; lastKnownFileType = folder.assetcatalog; path = Assets.xcassets; sourceTree = "<group>"; };
		B3FCDFF92A4FD5CA00716A3B /* Preview Assets.xcassets */ = {isa = PBXFileReference; lastKnownFileType = folder.assetcatalog; path = "Preview Assets.xcassets"; sourceTree = "<group>"; };
		B3FCDFFB2A4FD5CA00716A3B /* Persistence.swift */ = {isa = PBXFileReference; lastKnownFileType = sourcecode.swift; path = Persistence.swift; sourceTree = "<group>"; };
		B3FCDFFE2A4FD5CA00716A3B /* Ticket.xcdatamodel */ = {isa = PBXFileReference; lastKnownFileType = wrapper.xcdatamodel; path = Ticket.xcdatamodel; sourceTree = "<group>"; };
		B3FCE0072A4FD6B000716A3B /* PostView.swift */ = {isa = PBXFileReference; lastKnownFileType = sourcecode.swift; path = PostView.swift; sourceTree = "<group>"; };
		B3FCE0092A4FD6DB00716A3B /* PostListView.swift */ = {isa = PBXFileReference; lastKnownFileType = sourcecode.swift; path = PostListView.swift; sourceTree = "<group>"; };
		B3FCE00B2A4FD97000716A3B /* ContentView.swift */ = {isa = PBXFileReference; fileEncoding = 4; lastKnownFileType = sourcecode.swift; path = ContentView.swift; sourceTree = "<group>"; };
		B3FCE00F2A55234800716A3B /* SettingsView.swift */ = {isa = PBXFileReference; fileEncoding = 4; lastKnownFileType = sourcecode.swift; path = SettingsView.swift; sourceTree = "<group>"; };
		B3FCE0112A5523A100716A3B /* UserView.swift */ = {isa = PBXFileReference; fileEncoding = 4; lastKnownFileType = sourcecode.swift; path = UserView.swift; sourceTree = "<group>"; };
		B3FCE0132A553D6D00716A3B /* RepliesView.swift */ = {isa = PBXFileReference; lastKnownFileType = sourcecode.swift; path = RepliesView.swift; sourceTree = "<group>"; };
		B3FCE0172A56328000716A3B /* NewReplyView.swift */ = {isa = PBXFileReference; lastKnownFileType = sourcecode.swift; path = NewReplyView.swift; sourceTree = "<group>"; };
		B3FCE0192A56556900716A3B /* Post.swift */ = {isa = PBXFileReference; lastKnownFileType = sourcecode.swift; path = Post.swift; sourceTree = "<group>"; };
/* End PBXFileReference section */

/* Begin PBXFrameworksBuildPhase section */
		B3FCDFEC2A4FD5C800716A3B /* Frameworks */ = {
			isa = PBXFrameworksBuildPhase;
			buildActionMask = 2147483647;
			files = (
			);
			runOnlyForDeploymentPostprocessing = 0;
		};
/* End PBXFrameworksBuildPhase section */

/* Begin PBXGroup section */
		B3FCDFE62A4FD5C800716A3B = {
			isa = PBXGroup;
			children = (
				B3FCDFF12A4FD5C800716A3B /* Ticket */,
				B3FCDFF02A4FD5C800716A3B /* Products */,
			);
			sourceTree = "<group>";
		};
		B3FCDFF02A4FD5C800716A3B /* Products */ = {
			isa = PBXGroup;
			children = (
				B3FCDFEF2A4FD5C800716A3B /* Ticket.app */,
			);
			name = Products;
			sourceTree = "<group>";
		};
		B3FCDFF12A4FD5C800716A3B /* Ticket */ = {
			isa = PBXGroup;
			children = (
				B3FCDFF22A4FD5C800716A3B /* TicketApp.swift */,
				B3FCE0072A4FD6B000716A3B /* PostView.swift */,
				B3FCE0192A56556900716A3B /* Post.swift */,
				B3FCE0172A56328000716A3B /* NewReplyView.swift */,
				B34A55212A57755F0081E2CC /* LoginView.swift */,
				B3FCE0112A5523A100716A3B /* UserView.swift */,
				B3FCE00F2A55234800716A3B /* SettingsView.swift */,
				B3FCE0132A553D6D00716A3B /* RepliesView.swift */,
				B3FCE0092A4FD6DB00716A3B /* PostListView.swift */,
				B3FCDFF62A4FD5CA00716A3B /* Assets.xcassets */,
				B3FCE00B2A4FD97000716A3B /* ContentView.swift */,
				B34A55232A5775A30081E2CC /* MainPageView.swift */,
				B3FCDFFB2A4FD5CA00716A3B /* Persistence.swift */,
				B3FCDFFD2A4FD5CA00716A3B /* Ticket.xcdatamodeld */,
				B3FCDFF82A4FD5CA00716A3B /* Preview Content */,
			);
			path = Ticket;
			sourceTree = "<group>";
		};
		B3FCDFF82A4FD5CA00716A3B /* Preview Content */ = {
			isa = PBXGroup;
			children = (
				B3FCDFF92A4FD5CA00716A3B /* Preview Assets.xcassets */,
			);
			path = "Preview Content";
			sourceTree = "<group>";
		};
/* End PBXGroup section */

/* Begin PBXNativeTarget section */
		B3FCDFEE2A4FD5C800716A3B /* Ticket */ = {
			isa = PBXNativeTarget;
			buildConfigurationList = B3FCE0022A4FD5CA00716A3B /* Build configuration list for PBXNativeTarget "Ticket" */;
			buildPhases = (
				B3FCDFEB2A4FD5C800716A3B /* Sources */,
				B3FCDFEC2A4FD5C800716A3B /* Frameworks */,
				B3FCDFED2A4FD5C800716A3B /* Resources */,
			);
			buildRules = (
			);
			dependencies = (
			);
			name = Ticket;
			productName = Ticket;
			productReference = B3FCDFEF2A4FD5C800716A3B /* Ticket.app */;
			productType = "com.apple.product-type.application";
		};
/* End PBXNativeTarget section */

/* Begin PBXProject section */
		B3FCDFE72A4FD5C800716A3B /* Project object */ = {
			isa = PBXProject;
			attributes = {
				BuildIndependentTargetsInParallel = 1;
				LastSwiftUpdateCheck = 1430;
				LastUpgradeCheck = 1430;
				TargetAttributes = {
					B3FCDFEE2A4FD5C800716A3B = {
						CreatedOnToolsVersion = 14.3.1;
					};
				};
			};
			buildConfigurationList = B3FCDFEA2A4FD5C800716A3B /* Build configuration list for PBXProject "Ticket" */;
			compatibilityVersion = "Xcode 14.0";
			developmentRegion = en;
			hasScannedForEncodings = 0;
			knownRegions = (
				en,
				Base,
			);
			mainGroup = B3FCDFE62A4FD5C800716A3B;
			productRefGroup = B3FCDFF02A4FD5C800716A3B /* Products */;
			projectDirPath = "";
			projectRoot = "";
			targets = (
				B3FCDFEE2A4FD5C800716A3B /* Ticket */,
			);
		};
/* End PBXProject section */

/* Begin PBXResourcesBuildPhase section */
		B3FCDFED2A4FD5C800716A3B /* Resources */ = {
			isa = PBXResourcesBuildPhase;
			buildActionMask = 2147483647;
			files = (
				B3FCDFFA2A4FD5CA00716A3B /* Preview Assets.xcassets in Resources */,
				B3FCDFF72A4FD5CA00716A3B /* Assets.xcassets in Resources */,
			);
			runOnlyForDeploymentPostprocessing = 0;
		};
/* End PBXResourcesBuildPhase section */

/* Begin PBXSourcesBuildPhase section */
		B3FCDFEB2A4FD5C800716A3B /* Sources */ = {
			isa = PBXSourcesBuildPhase;
			buildActionMask = 2147483647;
			files = (
				B3FCDFFC2A4FD5CA00716A3B /* Persistence.swift in Sources */,
				B3FCE01A2A56556900716A3B /* Post.swift in Sources */,
				B3FCE0102A55234800716A3B /* SettingsView.swift in Sources */,
				B3FCDFF32A4FD5C800716A3B /* TicketApp.swift in Sources */,
				B3FCE0142A553D6D00716A3B /* RepliesView.swift in Sources */,
				B3FCE00C2A4FD97000716A3B /* ContentView.swift in Sources */,
				B34A55222A57755F0081E2CC /* LoginView.swift in Sources */,
				B3FCE0082A4FD6B000716A3B /* PostView.swift in Sources */,
				B3FCE00A2A4FD6DB00716A3B /* PostListView.swift in Sources */,
				B3FCDFFF2A4FD5CA00716A3B /* Ticket.xcdatamodeld in Sources */,
				B3FCE0182A56328100716A3B /* NewReplyView.swift in Sources */,
				B3FCE0122A5523A100716A3B /* UserView.swift in Sources */,
				B34A55242A5775A30081E2CC /* MainPageView.swift in Sources */,
			);
			runOnlyForDeploymentPostprocessing = 0;
		};
/* End PBXSourcesBuildPhase section */

/* Begin XCBuildConfiguration section */
		B3FCE0002A4FD5CA00716A3B /* Debug */ = {
			isa = XCBuildConfiguration;
			buildSettings = {
				ALWAYS_SEARCH_USER_PATHS = NO;
				CLANG_ANALYZER_NONNULL = YES;
				CLANG_ANALYZER_NUMBER_OBJECT_CONVERSION = YES_AGGRESSIVE;
				CLANG_CXX_LANGUAGE_STANDARD = "gnu++20";
				CLANG_ENABLE_MODULES = YES;
				CLANG_ENABLE_OBJC_ARC = YES;
				CLANG_ENABLE_OBJC_WEAK = YES;
				CLANG_WARN_BLOCK_CAPTURE_AUTORELEASING = YES;
				CLANG_WARN_BOOL_CONVERSION = YES;
				CLANG_WARN_COMMA = YES;
				CLANG_WARN_CONSTANT_CONVERSION = YES;
				CLANG_WARN_DEPRECATED_OBJC_IMPLEMENTATIONS = YES;
				CLANG_WARN_DIRECT_OBJC_ISA_USAGE = YES_ERROR;
				CLANG_WARN_DOCUMENTATION_COMMENTS = YES;
				CLANG_WARN_EMPTY_BODY = YES;
				CLANG_WARN_ENUM_CONVERSION = YES;
				CLANG_WARN_INFINITE_RECURSION = YES;
				CLANG_WARN_INT_CONVERSION = YES;
				CLANG_WARN_NON_LITERAL_NULL_CONVERSION = YES;
				CLANG_WARN_OBJC_IMPLICIT_RETAIN_SELF = YES;
				CLANG_WARN_OBJC_LITERAL_CONVERSION = YES;
				CLANG_WARN_OBJC_ROOT_CLASS = YES_ERROR;
				CLANG_WARN_QUOTED_INCLUDE_IN_FRAMEWORK_HEADER = YES;
				CLANG_WARN_RANGE_LOOP_ANALYSIS = YES;
				CLANG_WARN_STRICT_PROTOTYPES = YES;
				CLANG_WARN_SUSPICIOUS_MOVE = YES;
				CLANG_WARN_UNGUARDED_AVAILABILITY = YES_AGGRESSIVE;
				CLANG_WARN_UNREACHABLE_CODE = YES;
				CLANG_WARN__DUPLICATE_METHOD_MATCH = YES;
				COPY_PHASE_STRIP = NO;
				DEBUG_INFORMATION_FORMAT = dwarf;
				ENABLE_STRICT_OBJC_MSGSEND = YES;
				ENABLE_TESTABILITY = YES;
				GCC_C_LANGUAGE_STANDARD = gnu11;
				GCC_DYNAMIC_NO_PIC = NO;
				GCC_NO_COMMON_BLOCKS = YES;
				GCC_OPTIMIZATION_LEVEL = 0;
				GCC_PREPROCESSOR_DEFINITIONS = (
					"DEBUG=1",
					"$(inherited)",
				);
				GCC_WARN_64_TO_32_BIT_CONVERSION = YES;
				GCC_WARN_ABOUT_RETURN_TYPE = YES_ERROR;
				GCC_WARN_UNDECLARED_SELECTOR = YES;
				GCC_WARN_UNINITIALIZED_AUTOS = YES_AGGRESSIVE;
				GCC_WARN_UNUSED_FUNCTION = YES;
				GCC_WARN_UNUSED_VARIABLE = YES;
				IPHONEOS_DEPLOYMENT_TARGET = 16.4;
				MTL_ENABLE_DEBUG_INFO = INCLUDE_SOURCE;
				MTL_FAST_MATH = YES;
				ONLY_ACTIVE_ARCH = YES;
				SDKROOT = iphoneos;
				SWIFT_ACTIVE_COMPILATION_CONDITIONS = DEBUG;
				SWIFT_OPTIMIZATION_LEVEL = "-Onone";
			};
			name = Debug;
		};
		B3FCE0012A4FD5CA00716A3B /* Release */ = {
			isa = XCBuildConfiguration;
			buildSettings = {
				ALWAYS_SEARCH_USER_PATHS = NO;
				CLANG_ANALYZER_NONNULL = YES;
				CLANG_ANALYZER_NUMBER_OBJECT_CONVERSION = YES_AGGRESSIVE;
				CLANG_CXX_LANGUAGE_STANDARD = "gnu++20";
				CLANG_ENABLE_MODULES = YES;
				CLANG_ENABLE_OBJC_ARC = YES;
				CLANG_ENABLE_OBJC_WEAK = YES;
				CLANG_WARN_BLOCK_CAPTURE_AUTORELEASING = YES;
				CLANG_WARN_BOOL_CONVERSION = YES;
				CLANG_WARN_COMMA = YES;
				CLANG_WARN_CONSTANT_CONVERSION = YES;
				CLANG_WARN_DEPRECATED_OBJC_IMPLEMENTATIONS = YES;
				CLANG_WARN_DIRECT_OBJC_ISA_USAGE = YES_ERROR;
				CLANG_WARN_DOCUMENTATION_COMMENTS = YES;
				CLANG_WARN_EMPTY_BODY = YES;
				CLANG_WARN_ENUM_CONVERSION = YES;
				CLANG_WARN_INFINITE_RECURSION = YES;
				CLANG_WARN_INT_CONVERSION = YES;
				CLANG_WARN_NON_LITERAL_NULL_CONVERSION = YES;
				CLANG_WARN_OBJC_IMPLICIT_RETAIN_SELF = YES;
				CLANG_WARN_OBJC_LITERAL_CONVERSION = YES;
				CLANG_WARN_OBJC_ROOT_CLASS = YES_ERROR;
				CLANG_WARN_QUOTED_INCLUDE_IN_FRAMEWORK_HEADER = YES;
				CLANG_WARN_RANGE_LOOP_ANALYSIS = YES;
				CLANG_WARN_STRICT_PROTOTYPES = YES;
				CLANG_WARN_SUSPICIOUS_MOVE = YES;
				CLANG_WARN_UNGUARDED_AVAILABILITY = YES_AGGRESSIVE;
				CLANG_WARN_UNREACHABLE_CODE = YES;
				CLANG_WARN__DUPLICATE_METHOD_MATCH = YES;
				COPY_PHASE_STRIP = NO;
				DEBUG_INFORMATION_FORMAT = "dwarf-with-dsym";
				ENABLE_NS_ASSERTIONS = NO;
				ENABLE_STRICT_OBJC_MSGSEND = YES;
				GCC_C_LANGUAGE_STANDARD = gnu11;
				GCC_NO_COMMON_BLOCKS = YES;
				GCC_WARN_64_TO_32_BIT_CONVERSION = YES;
				GCC_WARN_ABOUT_RETURN_TYPE = YES_ERROR;
				GCC_WARN_UNDECLARED_SELECTOR = YES;
				GCC_WARN_UNINITIALIZED_AUTOS = YES_AGGRESSIVE;
				GCC_WARN_UNUSED_FUNCTION = YES;
				GCC_WARN_UNUSED_VARIABLE = YES;
				IPHONEOS_DEPLOYMENT_TARGET = 16.4;
				MTL_ENABLE_DEBUG_INFO = NO;
				MTL_FAST_MATH = YES;
				SDKROOT = iphoneos;
				SWIFT_COMPILATION_MODE = wholemodule;
				SWIFT_OPTIMIZATION_LEVEL = "-O";
				VALIDATE_PRODUCT = YES;
			};
			name = Release;
		};
		B3FCE0032A4FD5CA00716A3B /* Debug */ = {
			isa = XCBuildConfiguration;
			buildSettings = {
				ASSETCATALOG_COMPILER_APPICON_NAME = AppIcon;
				ASSETCATALOG_COMPILER_GLOBAL_ACCENT_COLOR_NAME = AccentColor;
				CODE_SIGN_STYLE = Automatic;
				CURRENT_PROJECT_VERSION = 1;
				DEVELOPMENT_ASSET_PATHS = "\"Ticket/Preview Content\"";
				DEVELOPMENT_TEAM = 33THZ5QQGX;
				ENABLE_PREVIEWS = YES;
				GENERATE_INFOPLIST_FILE = YES;
				INFOPLIST_KEY_UIApplicationSceneManifest_Generation = YES;
				INFOPLIST_KEY_UIApplicationSupportsIndirectInputEvents = YES;
				INFOPLIST_KEY_UILaunchScreen_Generation = YES;
				INFOPLIST_KEY_UISupportedInterfaceOrientations_iPad = "UIInterfaceOrientationPortrait UIInterfaceOrientationPortraitUpsideDown UIInterfaceOrientationLandscapeLeft UIInterfaceOrientationLandscapeRight";
				INFOPLIST_KEY_UISupportedInterfaceOrientations_iPhone = "UIInterfaceOrientationPortrait UIInterfaceOrientationLandscapeLeft UIInterfaceOrientationLandscapeRight";
				LD_RUNPATH_SEARCH_PATHS = (
					"$(inherited)",
					"@executable_path/Frameworks",
				);
				MARKETING_VERSION = 1.0;
				PRODUCT_BUNDLE_IDENTIFIER = yer.Ticket;
				PRODUCT_NAME = "$(TARGET_NAME)";
				SWIFT_EMIT_LOC_STRINGS = YES;
				SWIFT_VERSION = 5.0;
				TARGETED_DEVICE_FAMILY = "1,2";
			};
			name = Debug;
		};
		B3FCE0042A4FD5CA00716A3B /* Release */ = {
			isa = XCBuildConfiguration;
			buildSettings = {
				ASSETCATALOG_COMPILER_APPICON_NAME = AppIcon;
				ASSETCATALOG_COMPILER_GLOBAL_ACCENT_COLOR_NAME = AccentColor;
				CODE_SIGN_STYLE = Automatic;
				CURRENT_PROJECT_VERSION = 1;
				DEVELOPMENT_ASSET_PATHS = "\"Ticket/Preview Content\"";
				DEVELOPMENT_TEAM = 33THZ5QQGX;
				ENABLE_PREVIEWS = YES;
				GENERATE_INFOPLIST_FILE = YES;
				INFOPLIST_KEY_UIApplicationSceneManifest_Generation = YES;
				INFOPLIST_KEY_UIApplicationSupportsIndirectInputEvents = YES;
				INFOPLIST_KEY_UILaunchScreen_Generation = YES;
				INFOPLIST_KEY_UISupportedInterfaceOrientations_iPad = "UIInterfaceOrientationPortrait UIInterfaceOrientationPortraitUpsideDown UIInterfaceOrientationLandscapeLeft UIInterfaceOrientationLandscapeRight";
				INFOPLIST_KEY_UISupportedInterfaceOrientations_iPhone = "UIInterfaceOrientationPortrait UIInterfaceOrientationLandscapeLeft UIInterfaceOrientationLandscapeRight";
				LD_RUNPATH_SEARCH_PATHS = (
					"$(inherited)",
					"@executable_path/Frameworks",
				);
				MARKETING_VERSION = 1.0;
				PRODUCT_BUNDLE_IDENTIFIER = yer.Ticket;
				PRODUCT_NAME = "$(TARGET_NAME)";
				SWIFT_EMIT_LOC_STRINGS = YES;
				SWIFT_VERSION = 5.0;
				TARGETED_DEVICE_FAMILY = "1,2";
			};
			name = Release;
		};
/* End XCBuildConfiguration section */

/* Begin XCConfigurationList section */
		B3FCDFEA2A4FD5C800716A3B /* Build configuration list for PBXProject "Ticket" */ = {
			isa = XCConfigurationList;
			buildConfigurations = (
				B3FCE0002A4FD5CA00716A3B /* Debug */,
				B3FCE0012A4FD5CA00716A3B /* Release */,
			);
			defaultConfigurationIsVisible = 0;
			defaultConfigurationName = Release;
		};
		B3FCE0022A4FD5CA00716A3B /* Build configuration list for PBXNativeTarget "Ticket" */ = {
			isa = XCConfigurationList;
			buildConfigurations = (
				B3FCE0032A4FD5CA00716A3B /* Debug */,
				B3FCE0042A4FD5CA00716A3B /* Release */,
			);
			defaultConfigurationIsVisible = 0;
			defaultConfigurationName = Release;
		};
/* End XCConfigurationList section */

/* Begin XCVersionGroup section */
		B3FCDFFD2A4FD5CA00716A3B /* Ticket.xcdatamodeld */ = {
			isa = XCVersionGroup;
			children = (
				B3FCDFFE2A4FD5CA00716A3B /* Ticket.xcdatamodel */,
			);
			currentVersion = B3FCDFFE2A4FD5CA00716A3B /* Ticket.xcdatamodel */;
			path = Ticket.xcdatamodeld;
			sourceTree = "<group>";
			versionGroupType = wrapper.xcdatamodel;
		};
/* End XCVersionGroup section */
	};
	rootObject = B3FCDFE72A4FD5C800716A3B /* Project object */;
}
